
Microsoft Visual Studio Solution File, Format Version 12.00
# Visual Studio 15
VisualStudioVersion = 15.0.27428.2027
MinimumVisualStudioVersion = 10.0.40219.1
Project("{FAE04EC0-301F-11D3-BF4B-00C04F79EFBC}") = "Mp4BoxSplitter", "Mp4BoxSplitter\Mp4BoxSplitter.csproj", "{63F82DFA-9BE5-4642-80AD-908D272D603B}"
EndProject
Global
	GlobalSection(SolutionConfigurationPlatforms) = preSolution
		Debug|Any CPU = Debug|Any CPU
		Release|Any CPU = Release|Any CPU
	EndGlobalSection
	GlobalSection(ProjectConfigurationPlatforms) = postSolution
		{63F82DFA-9BE5-4642-80AD-908D272D603B}.Debug|Any CPU.ActiveCfg = Debug|Any CPU
		{63F82DFA-9BE5-4642-80AD-908D272D603B}.Debug|Any CPU.Build.0 = Debug|Any CPU
		{63F82DFA-9BE5-4642-80AD-908D272D603B}.Release|Any CPU.ActiveCfg = Release|Any CPU
		{63F82DFA-9BE5-4642-80AD-908D272D603B}.Release|Any CPU.Build.0 = Release|Any CPU
	EndGlobalSection
	GlobalSection(SolutionProperties) = preSolution
		HideSolutionNode = FALSE
	EndGlobalSection
	GlobalSection(ExtensibilityGlobals) = postSolution
		SolutionGuid = {86FEAFF6-F68D-4370-A222-9936D69C3922}
	EndGlobalSection
EndGlobal
